
Microsoft Visual Studio Solution File, Format Version 12.00
# Visual Studio Version 16
VisualStudioVersion = 16.0.32228.343
MinimumVisualStudioVersion = 10.0.40219.1
Project("{FAE04EC0-301F-11D3-BF4B-00C04F79EFBC}") = "TyreProduction", "TyreProduction\TyreProduction.csproj", "{558B4D3B-6D83-4F8A-8E2D-0992989BE403}"
EndProject
Global
	GlobalSection(SolutionConfigurationPlatforms) = preSolution
		Debug|Any CPU = Debug|Any CPU
		Release|Any CPU = Release|Any CPU
	EndGlobalSection
	GlobalSection(ProjectConfigurationPlatforms) = postSolution
		{558B4D3B-6D83-4F8A-8E2D-0992989BE403}.Debug|Any CPU.ActiveCfg = Debug|Any CPU
		{558B4D3B-6D83-4F8A-8E2D-0992989BE403}.Debug|Any CPU.Build.0 = Debug|Any CPU
		{558B4D3B-6D83-4F8A-8E2D-0992989BE403}.Release|Any CPU.ActiveCfg = Release|Any CPU
		{558B4D3B-6D83-4F8A-8E2D-0992989BE403}.Release|Any CPU.Build.0 = Release|Any CPU
	EndGlobalSection
	GlobalSection(SolutionProperties) = preSolution
		HideSolutionNode = FALSE
	EndGlobalSection
	GlobalSection(ExtensibilityGlobals) = postSolution
		SolutionGuid = {A0019177-F459-4314-B45E-7D4288DE25FA}
	EndGlobalSection
EndGlobal
